// !$*UTF8*$!
{
	archiveVersion = 1;
	classes = {
	};
	objectVersion = 46;
	objects = {

/* Begin PBXBuildFile section */
		6F5EAE701F45942500325988 /* main.m in Sources */ = {isa = PBXBuildFile; fileRef = 6F5EAE6F1F45942500325988 /* main.m */; };
		6F5EAE731F45942500325988 /* AppDelegate.m in Sources */ = {isa = PBXBuildFile; fileRef = 6F5EAE721F45942500325988 /* AppDelegate.m */; };
		6F5EAE761F45942500325988 /* ViewController.m in Sources */ = {isa = PBXBuildFile; fileRef = 6F5EAE751F45942500325988 /* ViewController.m */; };
		6F5EAE791F45942500325988 /* Main.storyboard in Resources */ = {isa = PBXBuildFile; fileRef = 6F5EAE771F45942500325988 /* Main.storyboard */; };
		6F5EAE7B1F45942500325988 /* Assets.xcassets in Resources */ = {isa = PBXBuildFile; fileRef = 6F5EAE7A1F45942500325988 /* Assets.xcassets */; };
		6F5EAE7E1F45942500325988 /* LaunchScreen.storyboard in Resources */ = {isa = PBXBuildFile; fileRef = 6F5EAE7C1F45942500325988 /* LaunchScreen.storyboard */; };
		6F5EAE891F45942500325988 /* ZHPlayerDemoTests.m in Sources */ = {isa = PBXBuildFile; fileRef = 6F5EAE881F45942500325988 /* ZHPlayerDemoTests.m */; };
		6F5EAE941F45942500325988 /* ZHPlayerDemoUITests.m in Sources */ = {isa = PBXBuildFile; fileRef = 6F5EAE931F45942500325988 /* ZHPlayerDemoUITests.m */; };
		6F5EAED41F46798E00325988 /* UIView+ZHPlayer.m in Sources */ = {isa = PBXBuildFile; fileRef = 6F5EAEA41F46798E00325988 /* UIView+ZHPlayer.m */; };
		6F5EAED51F46798E00325988 /* ZHBaseHandleView.m in Sources */ = {isa = PBXBuildFile; fileRef = 6F5EAEA61F46798E00325988 /* ZHBaseHandleView.m */; };
		6F5EAED61F46798E00325988 /* ZHHandleView.m in Sources */ = {isa = PBXBuildFile; fileRef = 6F5EAEA81F46798E00325988 /* ZHHandleView.m */; };
		6F5EAED71F46798E00325988 /* ZHPlayer.m in Sources */ = {isa = PBXBuildFile; fileRef = 6F5EAEAA1F46798E00325988 /* ZHPlayer.m */; };
		6F5EAED81F46798E00325988 /* ZHPlayerHudView.m in Sources */ = {isa = PBXBuildFile; fileRef = 6F5EAEAD1F46798E00325988 /* ZHPlayerHudView.m */; };
		6F5EAED91F46798E00325988 /* player_back@2x.png in Resources */ = {isa = PBXBuildFile; fileRef = 6F5EAEAF1F46798E00325988 /* player_back@2x.png */; };
		6F5EAEDA1F46798E00325988 /* player_back@3x.png in Resources */ = {isa = PBXBuildFile; fileRef = 6F5EAEB01F46798E00325988 /* player_back@3x.png */; };
		6F5EAEDB1F46798E00325988 /* player_brightness.png in Resources */ = {isa = PBXBuildFile; fileRef = 6F5EAEB11F46798E00325988 /* player_brightness.png */; };
		6F5EAEDC1F46798E00325988 /* player_brightness@2x.png in Resources */ = {isa = PBXBuildFile; fileRef = 6F5EAEB21F46798E00325988 /* player_brightness@2x.png */; };
		6F5EAEDD1F46798E00325988 /* player_fast_backward@2x.png in Resources */ = {isa = PBXBuildFile; fileRef = 6F5EAEB31F46798E00325988 /* player_fast_backward@2x.png */; };
		6F5EAEDE1F46798E00325988 /* player_fast_backward@3x.png in Resources */ = {isa = PBXBuildFile; fileRef = 6F5EAEB41F46798E00325988 /* player_fast_backward@3x.png */; };
		6F5EAEDF1F46798E00325988 /* player_fast_forward@2x.png in Resources */ = {isa = PBXBuildFile; fileRef = 6F5EAEB51F46798E00325988 /* player_fast_forward@2x.png */; };
		6F5EAEE01F46798E00325988 /* player_fast_forward@3x.png in Resources */ = {isa = PBXBuildFile; fileRef = 6F5EAEB61F46798E00325988 /* player_fast_forward@3x.png */; };
		6F5EAEE11F46798E00325988 /* player_fullscreen.png in Resources */ = {isa = PBXBuildFile; fileRef = 6F5EAEB71F46798E00325988 /* player_fullscreen.png */; };
		6F5EAEE21F46798E00325988 /* player_fullscreen@2x.png in Resources */ = {isa = PBXBuildFile; fileRef = 6F5EAEB81F46798E00325988 /* player_fullscreen@2x.png */; };
		6F5EAEE31F46798E00325988 /* player_fullscreen@3x.png in Resources */ = {isa = PBXBuildFile; fileRef = 6F5EAEB91F46798E00325988 /* player_fullscreen@3x.png */; };
		6F5EAEE41F46798E00325988 /* player_loading_bgView.jpg in Resources */ = {isa = PBXBuildFile; fileRef = 6F5EAEBA1F46798E00325988 /* player_loading_bgView.jpg */; };
		6F5EAEE51F46798E00325988 /* player_loading_bgView.png in Resources */ = {isa = PBXBuildFile; fileRef = 6F5EAEBB1F46798E00325988 /* player_loading_bgView.png */; };
		6F5EAEE61F46798E00325988 /* player_lock@2x.png in Resources */ = {isa = PBXBuildFile; fileRef = 6F5EAEBC1F46798E00325988 /* player_lock@2x.png */; };
		6F5EAEE71F46798E00325988 /* player_lock@3x.png in Resources */ = {isa = PBXBuildFile; fileRef = 6F5EAEBD1F46798E00325988 /* player_lock@3x.png */; };
		6F5EAEE81F46798E00325988 /* player_pause.png in Resources */ = {isa = PBXBuildFile; fileRef = 6F5EAEBE1F46798E00325988 /* player_pause.png */; };
		6F5EAEE91F46798E00325988 /* player_pause@2x.png in Resources */ = {isa = PBXBuildFile; fileRef = 6F5EAEBF1F46798E00325988 /* player_pause@2x.png */; };
		6F5EAEEA1F46798E00325988 /* player_pause@3x.png in Resources */ = {isa = PBXBuildFile; fileRef = 6F5EAEC01F46798E00325988 /* player_pause@3x.png */; };
		6F5EAEEB1F46798E00325988 /* player_play@2x.png in Resources */ = {isa = PBXBuildFile; fileRef = 6F5EAEC11F46798E00325988 /* player_play@2x.png */; };
		6F5EAEEC1F46798E00325988 /* player_play@3x.png in Resources */ = {isa = PBXBuildFile; fileRef = 6F5EAEC21F46798E00325988 /* player_play@3x.png */; };
		6F5EAEED1F46798E00325988 /* player_play_btn@2x.png in Resources */ = {isa = PBXBuildFile; fileRef = 6F5EAEC31F46798E00325988 /* player_play_btn@2x.png */; };
		6F5EAEEE1F46798E00325988 /* player_screenshot@2x.png in Resources */ = {isa = PBXBuildFile; fileRef = 6F5EAEC41F46798E00325988 /* player_screenshot@2x.png */; };
		6F5EAEEF1F46798E00325988 /* player_screenshot@3x.png in Resources */ = {isa = PBXBuildFile; fileRef = 6F5EAEC51F46798E00325988 /* player_screenshot@3x.png */; };
		6F5EAEF01F46798E00325988 /* player_shrinkscreen.png in Resources */ = {isa = PBXBuildFile; fileRef = 6F5EAEC61F46798E00325988 /* player_shrinkscreen.png */; };
		6F5EAEF11F46798E00325988 /* player_shrinkscreen@2x.png in Resources */ = {isa = PBXBuildFile; fileRef = 6F5EAEC71F46798E00325988 /* player_shrinkscreen@2x.png */; };
		6F5EAEF21F46798E00325988 /* player_shrinkscreen@3x.png in Resources */ = {isa = PBXBuildFile; fileRef = 6F5EAEC81F46798E00325988 /* player_shrinkscreen@3x.png */; };
		6F5EAEF31F46798E00325988 /* player_slider.png in Resources */ = {isa = PBXBuildFile; fileRef = 6F5EAEC91F46798E00325988 /* player_slider.png */; };
		6F5EAEF41F46798E00325988 /* player_slider@2x.png in Resources */ = {isa = PBXBuildFile; fileRef = 6F5EAECA1F46798E00325988 /* player_slider@2x.png */; };
		6F5EAEF51F46798E00325988 /* player_slider@3x.png in Resources */ = {isa = PBXBuildFile; fileRef = 6F5EAECB1F46798E00325988 /* player_slider@3x.png */; };
		6F5EAEF61F46798E00325988 /* player_unlock@2x.png in Resources */ = {isa = PBXBuildFile; fileRef = 6F5EAECC1F46798E00325988 /* player_unlock@2x.png */; };
		6F5EAEF71F46798E00325988 /* player_unlock@3x.png in Resources */ = {isa = PBXBuildFile; fileRef = 6F5EAECD1F46798E00325988 /* player_unlock@3x.png */; };
		6F5EAEF81F46798E00325988 /* ZHPlayerResouceLoader.m in Sources */ = {isa = PBXBuildFile; fileRef = 6F5EAECF1F46798E00325988 /* ZHPlayerResouceLoader.m */; };
		6F5EAEF91F46798E00325988 /* ZHPlayerSystem.m in Sources */ = {isa = PBXBuildFile; fileRef = 6F5EAED11F46798E00325988 /* ZHPlayerSystem.m */; };
		6F5EAEFA1F46798E00325988 /* ZHPlayerView.m in Sources */ = {isa = PBXBuildFile; fileRef = 6F5EAED31F46798E00325988 /* ZHPlayerView.m */; };
/* End PBXBuildFile section */

/* Begin PBXContainerItemProxy section */
		6F5EAE851F45942500325988 /* PBXContainerItemProxy */ = {
			isa = PBXContainerItemProxy;
			containerPortal = 6F5EAE631F45942500325988 /* Project object */;
			proxyType = 1;
			remoteGlobalIDString = 6F5EAE6A1F45942500325988;
			remoteInfo = ZHPlayerDemo;
		};
		6F5EAE901F45942500325988 /* PBXContainerItemProxy */ = {
			isa = PBXContainerItemProxy;
			containerPortal = 6F5EAE631F45942500325988 /* Project object */;
			proxyType = 1;
			remoteGlobalIDString = 6F5EAE6A1F45942500325988;
			remoteInfo = ZHPlayerDemo;
		};
/* End PBXContainerItemProxy section */

/* Begin PBXFileReference section */
		6F5EAE6B1F45942500325988 /* ZHPlayerDemo.app */ = {isa = PBXFileReference; explicitFileType = wrapper.application; includeInIndex = 0; path = ZHPlayerDemo.app; sourceTree = BUILT_PRODUCTS_DIR; };
		6F5EAE6F1F45942500325988 /* main.m */ = {isa = PBXFileReference; lastKnownFileType = sourcecode.c.objc; path = main.m; sourceTree = "<group>"; };
		6F5EAE711F45942500325988 /* AppDelegate.h */ = {isa = PBXFileReference; lastKnownFileType = sourcecode.c.h; path = AppDelegate.h; sourceTree = "<group>"; };
		6F5EAE721F45942500325988 /* AppDelegate.m */ = {isa = PBXFileReference; lastKnownFileType = sourcecode.c.objc; path = AppDelegate.m; sourceTree = "<group>"; };
		6F5EAE741F45942500325988 /* ViewController.h */ = {isa = PBXFileReference; lastKnownFileType = sourcecode.c.h; path = ViewController.h; sourceTree = "<group>"; };
		6F5EAE751F45942500325988 /* ViewController.m */ = {isa = PBXFileReference; lastKnownFileType = sourcecode.c.objc; path = ViewController.m; sourceTree = "<group>"; };
		6F5EAE781F45942500325988 /* Base */ = {isa = PBXFileReference; lastKnownFileType = file.storyboard; name = Base; path = Base.lproj/Main.storyboard; sourceTree = "<group>"; };
		6F5EAE7A1F45942500325988 /* Assets.xcassets */ = {isa = PBXFileReference; lastKnownFileType = folder.assetcatalog; path = Assets.xcassets; sourceTree = "<group>"; };
		6F5EAE7D1F45942500325988 /* Base */ = {isa = PBXFileReference; lastKnownFileType = file.storyboard; name = Base; path = Base.lproj/LaunchScreen.storyboard; sourceTree = "<group>"; };
		6F5EAE7F1F45942500325988 /* Info.plist */ = {isa = PBXFileReference; lastKnownFileType = text.plist.xml; path = Info.plist; sourceTree = "<group>"; };
		6F5EAE841F45942500325988 /* ZHPlayerDemoTests.xctest */ = {isa = PBXFileReference; explicitFileType = wrapper.cfbundle; includeInIndex = 0; path = ZHPlayerDemoTests.xctest; sourceTree = BUILT_PRODUCTS_DIR; };
		6F5EAE881F45942500325988 /* ZHPlayerDemoTests.m */ = {isa = PBXFileReference; lastKnownFileType = sourcecode.c.objc; path = ZHPlayerDemoTests.m; sourceTree = "<group>"; };
		6F5EAE8A1F45942500325988 /* Info.plist */ = {isa = PBXFileReference; lastKnownFileType = text.plist.xml; path = Info.plist; sourceTree = "<group>"; };
		6F5EAE8F1F45942500325988 /* ZHPlayerDemoUITests.xctest */ = {isa = PBXFileReference; explicitFileType = wrapper.cfbundle; includeInIndex = 0; path = ZHPlayerDemoUITests.xctest; sourceTree = BUILT_PRODUCTS_DIR; };
		6F5EAE931F45942500325988 /* ZHPlayerDemoUITests.m */ = {isa = PBXFileReference; lastKnownFileType = sourcecode.c.objc; path = ZHPlayerDemoUITests.m; sourceTree = "<group>"; };
		6F5EAE951F45942500325988 /* Info.plist */ = {isa = PBXFileReference; lastKnownFileType = text.plist.xml; path = Info.plist; sourceTree = "<group>"; };
		6F5EAEA31F46798E00325988 /* UIView+ZHPlayer.h */ = {isa = PBXFileReference; fileEncoding = 4; lastKnownFileType = sourcecode.c.h; path = "UIView+ZHPlayer.h"; sourceTree = "<group>"; };
		6F5EAEA41F46798E00325988 /* UIView+ZHPlayer.m */ = {isa = PBXFileReference; fileEncoding = 4; lastKnownFileType = sourcecode.c.objc; path = "UIView+ZHPlayer.m"; sourceTree = "<group>"; };
		6F5EAEA51F46798E00325988 /* ZHBaseHandleView.h */ = {isa = PBXFileReference; fileEncoding = 4; lastKnownFileType = sourcecode.c.h; path = ZHBaseHandleView.h; sourceTree = "<group>"; };
		6F5EAEA61F46798E00325988 /* ZHBaseHandleView.m */ = {isa = PBXFileReference; fileEncoding = 4; lastKnownFileType = sourcecode.c.objc; path = ZHBaseHandleView.m; sourceTree = "<group>"; };
		6F5EAEA71F46798E00325988 /* ZHHandleView.h */ = {isa = PBXFileReference; fileEncoding = 4; lastKnownFileType = sourcecode.c.h; path = ZHHandleView.h; sourceTree = "<group>"; };
		6F5EAEA81F46798E00325988 /* ZHHandleView.m */ = {isa = PBXFileReference; fileEncoding = 4; lastKnownFileType = sourcecode.c.objc; path = ZHHandleView.m; sourceTree = "<group>"; };
		6F5EAEA91F46798E00325988 /* ZHPlayer.h */ = {isa = PBXFileReference; fileEncoding = 4; lastKnownFileType = sourcecode.c.h; path = ZHPlayer.h; sourceTree = "<group>"; };
		6F5EAEAA1F46798E00325988 /* ZHPlayer.m */ = {isa = PBXFileReference; fileEncoding = 4; lastKnownFileType = sourcecode.c.objc; path = ZHPlayer.m; sourceTree = "<group>"; };
		6F5EAEAB1F46798E00325988 /* ZHPlayerHeader.h */ = {isa = PBXFileReference; fileEncoding = 4; lastKnownFileType = sourcecode.c.h; path = ZHPlayerHeader.h; sourceTree = "<group>"; };
		6F5EAEAC1F46798E00325988 /* ZHPlayerHudView.h */ = {isa = PBXFileReference; fileEncoding = 4; lastKnownFileType = sourcecode.c.h; path = ZHPlayerHudView.h; sourceTree = "<group>"; };
		6F5EAEAD1F46798E00325988 /* ZHPlayerHudView.m */ = {isa = PBXFileReference; fileEncoding = 4; lastKnownFileType = sourcecode.c.objc; path = ZHPlayerHudView.m; sourceTree = "<group>"; };
		6F5EAEAF1F46798E00325988 /* player_back@2x.png */ = {isa = PBXFileReference; lastKnownFileType = image.png; path = "player_back@2x.png"; sourceTree = "<group>"; };
		6F5EAEB01F46798E00325988 /* player_back@3x.png */ = {isa = PBXFileReference; lastKnownFileType = image.png; path = "player_back@3x.png"; sourceTree = "<group>"; };
		6F5EAEB11F46798E00325988 /* player_brightness.png */ = {isa = PBXFileReference; lastKnownFileType = image.png; path = player_brightness.png; sourceTree = "<group>"; };
		6F5EAEB21F46798E00325988 /* player_brightness@2x.png */ = {isa = PBXFileReference; lastKnownFileType = image.png; path = "player_brightness@2x.png"; sourceTree = "<group>"; };
		6F5EAEB31F46798E00325988 /* player_fast_backward@2x.png */ = {isa = PBXFileReference; lastKnownFileType = image.png; path = "player_fast_backward@2x.png"; sourceTree = "<group>"; };
		6F5EAEB41F46798E00325988 /* player_fast_backward@3x.png */ = {isa = PBXFileReference; lastKnownFileType = image.png; path = "player_fast_backward@3x.png"; sourceTree = "<group>"; };
		6F5EAEB51F46798E00325988 /* player_fast_forward@2x.png */ = {isa = PBXFileReference; lastKnownFileType = image.png; path = "player_fast_forward@2x.png"; sourceTree = "<group>"; };
		6F5EAEB61F46798E00325988 /* player_fast_forward@3x.png */ = {isa = PBXFileReference; lastKnownFileType = image.png; path = "player_fast_forward@3x.png"; sourceTree = "<group>"; };
		6F5EAEB71F46798E00325988 /* player_fullscreen.png */ = {isa = PBXFileReference; lastKnownFileType = image.png; path = player_fullscreen.png; sourceTree = "<group>"; };
		6F5EAEB81F46798E00325988 /* player_fullscreen@2x.png */ = {isa = PBXFileReference; lastKnownFileType = image.png; path = "player_fullscreen@2x.png"; sourceTree = "<group>"; };
		6F5EAEB91F46798E00325988 /* player_fullscreen@3x.png */ = {isa = PBXFileReference; lastKnownFileType = image.png; path = "player_fullscreen@3x.png"; sourceTree = "<group>"; };
		6F5EAEBA1F46798E00325988 /* player_loading_bgView.jpg */ = {isa = PBXFileReference; lastKnownFileType = image.jpeg; path = player_loading_bgView.jpg; sourceTree = "<group>"; };
		6F5EAEBB1F46798E00325988 /* player_loading_bgView.png */ = {isa = PBXFileReference; lastKnownFileType = image.png; path = player_loading_bgView.png; sourceTree = "<group>"; };
		6F5EAEBC1F46798E00325988 /* player_lock@2x.png */ = {isa = PBXFileReference; lastKnownFileType = image.png; path = "player_lock@2x.png"; sourceTree = "<group>"; };
		6F5EAEBD1F46798E00325988 /* player_lock@3x.png */ = {isa = PBXFileReference; lastKnownFileType = image.png; path = "player_lock@3x.png"; sourceTree = "<group>"; };
		6F5EAEBE1F46798E00325988 /* player_pause.png */ = {isa = PBXFileReference; lastKnownFileType = image.png; path = player_pause.png; sourceTree = "<group>"; };
		6F5EAEBF1F46798E00325988 /* player_pause@2x.png */ = {isa = PBXFileReference; lastKnownFileType = image.png; path = "player_pause@2x.png"; sourceTree = "<group>"; };
		6F5EAEC01F46798E00325988 /* player_pause@3x.png */ = {isa = PBXFileReference; lastKnownFileType = image.png; path = "player_pause@3x.png"; sourceTree = "<group>"; };
		6F5EAEC11F46798E00325988 /* player_play@2x.png */ = {isa = PBXFileReference; lastKnownFileType = image.png; path = "player_play@2x.png"; sourceTree = "<group>"; };
		6F5EAEC21F46798E00325988 /* player_play@3x.png */ = {isa = PBXFileReference; lastKnownFileType = image.png; path = "player_play@3x.png"; sourceTree = "<group>"; };
		6F5EAEC31F46798E00325988 /* player_play_btn@2x.png */ = {isa = PBXFileReference; lastKnownFileType = image.png; path = "player_play_btn@2x.png"; sourceTree = "<group>"; };
		6F5EAEC41F46798E00325988 /* player_screenshot@2x.png */ = {isa = PBXFileReference; lastKnownFileType = image.png; path = "player_screenshot@2x.png"; sourceTree = "<group>"; };
		6F5EAEC51F46798E00325988 /* player_screenshot@3x.png */ = {isa = PBXFileReference; lastKnownFileType = image.png; path = "player_screenshot@3x.png"; sourceTree = "<group>"; };
		6F5EAEC61F46798E00325988 /* player_shrinkscreen.png */ = {isa = PBXFileReference; lastKnownFileType = image.png; path = player_shrinkscreen.png; sourceTree = "<group>"; };
		6F5EAEC71F46798E00325988 /* player_shrinkscreen@2x.png */ = {isa = PBXFileReference; lastKnownFileType = image.png; path = "player_shrinkscreen@2x.png"; sourceTree = "<group>"; };
		6F5EAEC81F46798E00325988 /* player_shrinkscreen@3x.png */ = {isa = PBXFileReference; lastKnownFileType = image.png; path = "player_shrinkscreen@3x.png"; sourceTree = "<group>"; };
		6F5EAEC91F46798E00325988 /* player_slider.png */ = {isa = PBXFileReference; lastKnownFileType = image.png; path = player_slider.png; sourceTree = "<group>"; };
		6F5EAECA1F46798E00325988 /* player_slider@2x.png */ = {isa = PBXFileReference; lastKnownFileType = image.png; path = "player_slider@2x.png"; sourceTree = "<group>"; };
		6F5EAECB1F46798E00325988 /* player_slider@3x.png */ = {isa = PBXFileReference; lastKnownFileType = image.png; path = "player_slider@3x.png"; sourceTree = "<group>"; };
		6F5EAECC1F46798E00325988 /* player_unlock@2x.png */ = {isa = PBXFileReference; lastKnownFileType = image.png; path = "player_unlock@2x.png"; sourceTree = "<group>"; };
		6F5EAECD1F46798E00325988 /* player_unlock@3x.png */ = {isa = PBXFileReference; lastKnownFileType = image.png; path = "player_unlock@3x.png"; sourceTree = "<group>"; };
		6F5EAECE1F46798E00325988 /* ZHPlayerResouceLoader.h */ = {isa = PBXFileReference; fileEncoding = 4; lastKnownFileType = sourcecode.c.h; path = ZHPlayerResouceLoader.h; sourceTree = "<group>"; };
		6F5EAECF1F46798E00325988 /* ZHPlayerResouceLoader.m */ = {isa = PBXFileReference; fileEncoding = 4; lastKnownFileType = sourcecode.c.objc; path = ZHPlayerResouceLoader.m; sourceTree = "<group>"; };
		6F5EAED01F46798E00325988 /* ZHPlayerSystem.h */ = {isa = PBXFileReference; fileEncoding = 4; lastKnownFileType = sourcecode.c.h; path = ZHPlayerSystem.h; sourceTree = "<group>"; };
		6F5EAED11F46798E00325988 /* ZHPlayerSystem.m */ = {isa = PBXFileReference; fileEncoding = 4; lastKnownFileType = sourcecode.c.objc; path = ZHPlayerSystem.m; sourceTree = "<group>"; };
		6F5EAED21F46798E00325988 /* ZHPlayerView.h */ = {isa = PBXFileReference; fileEncoding = 4; lastKnownFileType = sourcecode.c.h; path = ZHPlayerView.h; sourceTree = "<group>"; };
		6F5EAED31F46798E00325988 /* ZHPlayerView.m */ = {isa = PBXFileReference; fileEncoding = 4; lastKnownFileType = sourcecode.c.objc; path = ZHPlayerView.m; sourceTree = "<group>"; };
/* End PBXFileReference section */

/* Begin PBXFrameworksBuildPhase section */
		6F5EAE681F45942500325988 /* Frameworks */ = {
			isa = PBXFrameworksBuildPhase;
			buildActionMask = 2147483647;
			files = (
			);
			runOnlyForDeploymentPostprocessing = 0;
		};
		6F5EAE811F45942500325988 /* Frameworks */ = {
			isa = PBXFrameworksBuildPhase;
			buildActionMask = 2147483647;
			files = (
			);
			runOnlyForDeploymentPostprocessing = 0;
		};
		6F5EAE8C1F45942500325988 /* Frameworks */ = {
			isa = PBXFrameworksBuildPhase;
			buildActionMask = 2147483647;
			files = (
			);
			runOnlyForDeploymentPostprocessing = 0;
		};
/* End PBXFrameworksBuildPhase section */

/* Begin PBXGroup section */
		6F5EAE621F45942500325988 = {
			isa = PBXGroup;
			children = (
				6F5EAE6D1F45942500325988 /* ZHPlayerDemo */,
				6F5EAE871F45942500325988 /* ZHPlayerDemoTests */,
				6F5EAE921F45942500325988 /* ZHPlayerDemoUITests */,
				6F5EAE6C1F45942500325988 /* Products */,
			);
			sourceTree = "<group>";
		};
		6F5EAE6C1F45942500325988 /* Products */ = {
			isa = PBXGroup;
			children = (
				6F5EAE6B1F45942500325988 /* ZHPlayerDemo.app */,
				6F5EAE841F45942500325988 /* ZHPlayerDemoTests.xctest */,
				6F5EAE8F1F45942500325988 /* ZHPlayerDemoUITests.xctest */,
			);
			name = Products;
			sourceTree = "<group>";
		};
		6F5EAE6D1F45942500325988 /* ZHPlayerDemo */ = {
			isa = PBXGroup;
			children = (
				6F5EAEA11F46798E00325988 /* ZHPlayer */,
				6F5EAE711F45942500325988 /* AppDelegate.h */,
				6F5EAE721F45942500325988 /* AppDelegate.m */,
				6F5EAE741F45942500325988 /* ViewController.h */,
				6F5EAE751F45942500325988 /* ViewController.m */,
				6F5EAE771F45942500325988 /* Main.storyboard */,
				6F5EAE7A1F45942500325988 /* Assets.xcassets */,
				6F5EAE7C1F45942500325988 /* LaunchScreen.storyboard */,
				6F5EAE7F1F45942500325988 /* Info.plist */,
				6F5EAE6E1F45942500325988 /* Supporting Files */,
			);
			path = ZHPlayerDemo;
			sourceTree = "<group>";
		};
		6F5EAE6E1F45942500325988 /* Supporting Files */ = {
			isa = PBXGroup;
			children = (
				6F5EAE6F1F45942500325988 /* main.m */,
			);
			name = "Supporting Files";
			sourceTree = "<group>";
		};
		6F5EAE871F45942500325988 /* ZHPlayerDemoTests */ = {
			isa = PBXGroup;
			children = (
				6F5EAE881F45942500325988 /* ZHPlayerDemoTests.m */,
				6F5EAE8A1F45942500325988 /* Info.plist */,
			);
			path = ZHPlayerDemoTests;
			sourceTree = "<group>";
		};
		6F5EAE921F45942500325988 /* ZHPlayerDemoUITests */ = {
			isa = PBXGroup;
			children = (
				6F5EAE931F45942500325988 /* ZHPlayerDemoUITests.m */,
				6F5EAE951F45942500325988 /* Info.plist */,
			);
			path = ZHPlayerDemoUITests;
			sourceTree = "<group>";
		};
		6F5EAEA11F46798E00325988 /* ZHPlayer */ = {
			isa = PBXGroup;
			children = (
				6F5EAEA21F46798E00325988 /* Categary */,
				6F5EAEAE1F46798E00325988 /* ZHPlayerImages */,
				6F5EAEA51F46798E00325988 /* ZHBaseHandleView.h */,
				6F5EAEA61F46798E00325988 /* ZHBaseHandleView.m */,
				6F5EAEA71F46798E00325988 /* ZHHandleView.h */,
				6F5EAEA81F46798E00325988 /* ZHHandleView.m */,
				6F5EAEA91F46798E00325988 /* ZHPlayer.h */,
				6F5EAEAA1F46798E00325988 /* ZHPlayer.m */,
				6F5EAEAB1F46798E00325988 /* ZHPlayerHeader.h */,
				6F5EAEAC1F46798E00325988 /* ZHPlayerHudView.h */,
				6F5EAEAD1F46798E00325988 /* ZHPlayerHudView.m */,
				6F5EAECE1F46798E00325988 /* ZHPlayerResouceLoader.h */,
				6F5EAECF1F46798E00325988 /* ZHPlayerResouceLoader.m */,
				6F5EAED01F46798E00325988 /* ZHPlayerSystem.h */,
				6F5EAED11F46798E00325988 /* ZHPlayerSystem.m */,
				6F5EAED21F46798E00325988 /* ZHPlayerView.h */,
				6F5EAED31F46798E00325988 /* ZHPlayerView.m */,
			);
			path = ZHPlayer;
			sourceTree = "<group>";
		};
		6F5EAEA21F46798E00325988 /* Categary */ = {
			isa = PBXGroup;
			children = (
				6F5EAEA31F46798E00325988 /* UIView+ZHPlayer.h */,
				6F5EAEA41F46798E00325988 /* UIView+ZHPlayer.m */,
			);
			path = Categary;
			sourceTree = "<group>";
		};
		6F5EAEAE1F46798E00325988 /* ZHPlayerImages */ = {
			isa = PBXGroup;
			children = (
				6F5EAEAF1F46798E00325988 /* player_back@2x.png */,
				6F5EAEB01F46798E00325988 /* player_back@3x.png */,
				6F5EAEB11F46798E00325988 /* player_brightness.png */,
				6F5EAEB21F46798E00325988 /* player_brightness@2x.png */,
				6F5EAEB31F46798E00325988 /* player_fast_backward@2x.png */,
				6F5EAEB41F46798E00325988 /* player_fast_backward@3x.png */,
				6F5EAEB51F46798E00325988 /* player_fast_forward@2x.png */,
				6F5EAEB61F46798E00325988 /* player_fast_forward@3x.png */,
				6F5EAEB71F46798E00325988 /* player_fullscreen.png */,
				6F5EAEB81F46798E00325988 /* player_fullscreen@2x.png */,
				6F5EAEB91F46798E00325988 /* player_fullscreen@3x.png */,
				6F5EAEBA1F46798E00325988 /* player_loading_bgView.jpg */,
				6F5EAEBB1F46798E00325988 /* player_loading_bgView.png */,
				6F5EAEBC1F46798E00325988 /* player_lock@2x.png */,
				6F5EAEBD1F46798E00325988 /* player_lock@3x.png */,
				6F5EAEBE1F46798E00325988 /* player_pause.png */,
				6F5EAEBF1F46798E00325988 /* player_pause@2x.png */,
				6F5EAEC01F46798E00325988 /* player_pause@3x.png */,
				6F5EAEC11F46798E00325988 /* player_play@2x.png */,
				6F5EAEC21F46798E00325988 /* player_play@3x.png */,
				6F5EAEC31F46798E00325988 /* player_play_btn@2x.png */,
				6F5EAEC41F46798E00325988 /* player_screenshot@2x.png */,
				6F5EAEC51F46798E00325988 /* player_screenshot@3x.png */,
				6F5EAEC61F46798E00325988 /* player_shrinkscreen.png */,
				6F5EAEC71F46798E00325988 /* player_shrinkscreen@2x.png */,
				6F5EAEC81F46798E00325988 /* player_shrinkscreen@3x.png */,
				6F5EAEC91F46798E00325988 /* player_slider.png */,
				6F5EAECA1F46798E00325988 /* player_slider@2x.png */,
				6F5EAECB1F46798E00325988 /* player_slider@3x.png */,
				6F5EAECC1F46798E00325988 /* player_unlock@2x.png */,
				6F5EAECD1F46798E00325988 /* player_unlock@3x.png */,
			);
			path = ZHPlayerImages;
			sourceTree = "<group>";
		};
/* End PBXGroup section */

/* Begin PBXNativeTarget section */
		6F5EAE6A1F45942500325988 /* ZHPlayerDemo */ = {
			isa = PBXNativeTarget;
			buildConfigurationList = 6F5EAE981F45942500325988 /* Build configuration list for PBXNativeTarget "ZHPlayerDemo" */;
			buildPhases = (
				6F5EAE671F45942500325988 /* Sources */,
				6F5EAE681F45942500325988 /* Frameworks */,
				6F5EAE691F45942500325988 /* Resources */,
			);
			buildRules = (
			);
			dependencies = (
			);
			name = ZHPlayerDemo;
			productName = ZHPlayerDemo;
			productReference = 6F5EAE6B1F45942500325988 /* ZHPlayerDemo.app */;
			productType = "com.apple.product-type.application";
		};
		6F5EAE831F45942500325988 /* ZHPlayerDemoTests */ = {
			isa = PBXNativeTarget;
			buildConfigurationList = 6F5EAE9B1F45942500325988 /* Build configuration list for PBXNativeTarget "ZHPlayerDemoTests" */;
			buildPhases = (
				6F5EAE801F45942500325988 /* Sources */,
				6F5EAE811F45942500325988 /* Frameworks */,
				6F5EAE821F45942500325988 /* Resources */,
			);
			buildRules = (
			);
			dependencies = (
				6F5EAE861F45942500325988 /* PBXTargetDependency */,
			);
			name = ZHPlayerDemoTests;
			productName = ZHPlayerDemoTests;
			productReference = 6F5EAE841F45942500325988 /* ZHPlayerDemoTests.xctest */;
			productType = "com.apple.product-type.bundle.unit-test";
		};
		6F5EAE8E1F45942500325988 /* ZHPlayerDemoUITests */ = {
			isa = PBXNativeTarget;
			buildConfigurationList = 6F5EAE9E1F45942500325988 /* Build configuration list for PBXNativeTarget "ZHPlayerDemoUITests" */;
			buildPhases = (
				6F5EAE8B1F45942500325988 /* Sources */,
				6F5EAE8C1F45942500325988 /* Frameworks */,
				6F5EAE8D1F45942500325988 /* Resources */,
			);
			buildRules = (
			);
			dependencies = (
				6F5EAE911F45942500325988 /* PBXTargetDependency */,
			);
			name = ZHPlayerDemoUITests;
			productName = ZHPlayerDemoUITests;
			productReference = 6F5EAE8F1F45942500325988 /* ZHPlayerDemoUITests.xctest */;
			productType = "com.apple.product-type.bundle.ui-testing";
		};
/* End PBXNativeTarget section */

/* Begin PBXProject section */
		6F5EAE631F45942500325988 /* Project object */ = {
			isa = PBXProject;
			attributes = {
				LastUpgradeCheck = 0830;
				ORGANIZATIONNAME = Zason_Hao;
				TargetAttributes = {
					6F5EAE6A1F45942500325988 = {
						CreatedOnToolsVersion = 8.3.3;
						ProvisioningStyle = Automatic;
					};
					6F5EAE831F45942500325988 = {
						CreatedOnToolsVersion = 8.3.3;
						ProvisioningStyle = Automatic;
						TestTargetID = 6F5EAE6A1F45942500325988;
					};
					6F5EAE8E1F45942500325988 = {
						CreatedOnToolsVersion = 8.3.3;
						ProvisioningStyle = Automatic;
						TestTargetID = 6F5EAE6A1F45942500325988;
					};
				};
			};
			buildConfigurationList = 6F5EAE661F45942500325988 /* Build configuration list for PBXProject "ZHPlayerDemo" */;
			compatibilityVersion = "Xcode 3.2";
			developmentRegion = English;
			hasScannedForEncodings = 0;
			knownRegions = (
				en,
				Base,
			);
			mainGroup = 6F5EAE621F45942500325988;
			productRefGroup = 6F5EAE6C1F45942500325988 /* Products */;
			projectDirPath = "";
			projectRoot = "";
			targets = (
				6F5EAE6A1F45942500325988 /* ZHPlayerDemo */,
				6F5EAE831F45942500325988 /* ZHPlayerDemoTests */,
				6F5EAE8E1F45942500325988 /* ZHPlayerDemoUITests */,
			);
		};
/* End PBXProject section */

/* Begin PBXResourcesBuildPhase section */
		6F5EAE691F45942500325988 /* Resources */ = {
			isa = PBXResourcesBuildPhase;
			buildActionMask = 2147483647;
			files = (
				6F5EAEF61F46798E00325988 /* player_unlock@2x.png in Resources */,
				6F5EAEDD1F46798E00325988 /* player_fast_backward@2x.png in Resources */,
				6F5EAEF51F46798E00325988 /* player_slider@3x.png in Resources */,
				6F5EAED91F46798E00325988 /* player_back@2x.png in Resources */,
				6F5EAEF21F46798E00325988 /* player_shrinkscreen@3x.png in Resources */,
				6F5EAEDB1F46798E00325988 /* player_brightness.png in Resources */,
				6F5EAEE21F46798E00325988 /* player_fullscreen@2x.png in Resources */,
				6F5EAEE81F46798E00325988 /* player_pause.png in Resources */,
				6F5EAEEB1F46798E00325988 /* player_play@2x.png in Resources */,
				6F5EAEEC1F46798E00325988 /* player_play@3x.png in Resources */,
				6F5EAEDE1F46798E00325988 /* player_fast_backward@3x.png in Resources */,
				6F5EAEF31F46798E00325988 /* player_slider.png in Resources */,
				6F5EAEE31F46798E00325988 /* player_fullscreen@3x.png in Resources */,
				6F5EAE7E1F45942500325988 /* LaunchScreen.storyboard in Resources */,
				6F5EAEF01F46798E00325988 /* player_shrinkscreen.png in Resources */,
				6F5EAEEE1F46798E00325988 /* player_screenshot@2x.png in Resources */,
				6F5EAEDA1F46798E00325988 /* player_back@3x.png in Resources */,
				6F5EAEDC1F46798E00325988 /* player_brightness@2x.png in Resources */,
				6F5EAEF11F46798E00325988 /* player_shrinkscreen@2x.png in Resources */,
				6F5EAEE51F46798E00325988 /* player_loading_bgView.png in Resources */,
				6F5EAEDF1F46798E00325988 /* player_fast_forward@2x.png in Resources */,
				6F5EAE7B1F45942500325988 /* Assets.xcassets in Resources */,
				6F5EAEEA1F46798E00325988 /* player_pause@3x.png in Resources */,
				6F5EAEED1F46798E00325988 /* player_play_btn@2x.png in Resources */,
				6F5EAEF41F46798E00325988 /* player_slider@2x.png in Resources */,
				6F5EAEEF1F46798E00325988 /* player_screenshot@3x.png in Resources */,
				6F5EAEF71F46798E00325988 /* player_unlock@3x.png in Resources */,
				6F5EAEE41F46798E00325988 /* player_loading_bgView.jpg in Resources */,
				6F5EAEE71F46798E00325988 /* player_lock@3x.png in Resources */,
				6F5EAE791F45942500325988 /* Main.storyboard in Resources */,
				6F5EAEE01F46798E00325988 /* player_fast_forward@3x.png in Resources */,
				6F5EAEE61F46798E00325988 /* player_lock@2x.png in Resources */,
				6F5EAEE91F46798E00325988 /* player_pause@2x.png in Resources */,
				6F5EAEE11F46798E00325988 /* player_fullscreen.png in Resources */,
			);
			runOnlyForDeploymentPostprocessing = 0;
		};
		6F5EAE821F45942500325988 /* Resources */ = {
			isa = PBXResourcesBuildPhase;
			buildActionMask = 2147483647;
			files = (
			);
			runOnlyForDeploymentPostprocessing = 0;
		};
		6F5EAE8D1F45942500325988 /* Resources */ = {
			isa = PBXResourcesBuildPhase;
			buildActionMask = 2147483647;
			files = (
			);
			runOnlyForDeploymentPostprocessing = 0;
		};
/* End PBXResourcesBuildPhase section */

/* Begin PBXSourcesBuildPhase section */
		6F5EAE671F45942500325988 /* Sources */ = {
			isa = PBXSourcesBuildPhase;
			buildActionMask = 2147483647;
			files = (
				6F5EAE761F45942500325988 /* ViewController.m in Sources */,
				6F5EAED71F46798E00325988 /* ZHPlayer.m in Sources */,
				6F5EAEF81F46798E00325988 /* ZHPlayerResouceLoader.m in Sources */,
				6F5EAEF91F46798E00325988 /* ZHPlayerSystem.m in Sources */,
				6F5EAEFA1F46798E00325988 /* ZHPlayerView.m in Sources */,
				6F5EAE731F45942500325988 /* AppDelegate.m in Sources */,
				6F5EAED61F46798E00325988 /* ZHHandleView.m in Sources */,
				6F5EAE701F45942500325988 /* main.m in Sources */,
				6F5EAED51F46798E00325988 /* ZHBaseHandleView.m in Sources */,
				6F5EAED41F46798E00325988 /* UIView+ZHPlayer.m in Sources */,
				6F5EAED81F46798E00325988 /* ZHPlayerHudView.m in Sources */,
			);
			runOnlyForDeploymentPostprocessing = 0;
		};
		6F5EAE801F45942500325988 /* Sources */ = {
			isa = PBXSourcesBuildPhase;
			buildActionMask = 2147483647;
			files = (
				6F5EAE891F45942500325988 /* ZHPlayerDemoTests.m in Sources */,
			);
			runOnlyForDeploymentPostprocessing = 0;
		};
		6F5EAE8B1F45942500325988 /* Sources */ = {
			isa = PBXSourcesBuildPhase;
			buildActionMask = 2147483647;
			files = (
				6F5EAE941F45942500325988 /* ZHPlayerDemoUITests.m in Sources */,
			);
			runOnlyForDeploymentPostprocessing = 0;
		};
/* End PBXSourcesBuildPhase section */

/* Begin PBXTargetDependency section */
		6F5EAE861F45942500325988 /* PBXTargetDependency */ = {
			isa = PBXTargetDependency;
			target = 6F5EAE6A1F45942500325988 /* ZHPlayerDemo */;
			targetProxy = 6F5EAE851F45942500325988 /* PBXContainerItemProxy */;
		};
		6F5EAE911F45942500325988 /* PBXTargetDependency */ = {
			isa = PBXTargetDependency;
			target = 6F5EAE6A1F45942500325988 /* ZHPlayerDemo */;
			targetProxy = 6F5EAE901F45942500325988 /* PBXContainerItemProxy */;
		};
/* End PBXTargetDependency section */

/* Begin PBXVariantGroup section */
		6F5EAE771F45942500325988 /* Main.storyboard */ = {
			isa = PBXVariantGroup;
			children = (
				6F5EAE781F45942500325988 /* Base */,
			);
			name = Main.storyboard;
			sourceTree = "<group>";
		};
		6F5EAE7C1F45942500325988 /* LaunchScreen.storyboard */ = {
			isa = PBXVariantGroup;
			children = (
				6F5EAE7D1F45942500325988 /* Base */,
			);
			name = LaunchScreen.storyboard;
			sourceTree = "<group>";
		};
/* End PBXVariantGroup section */

/* Begin XCBuildConfiguration section */
		6F5EAE961F45942500325988 /* Debug */ = {
			isa = XCBuildConfiguration;
			buildSettings = {
				ALWAYS_SEARCH_USER_PATHS = NO;
				CLANG_ANALYZER_NONNULL = YES;
				CLANG_ANALYZER_NUMBER_OBJECT_CONVERSION = YES_AGGRESSIVE;
				CLANG_CXX_LANGUAGE_STANDARD = "gnu++0x";
				CLANG_CXX_LIBRARY = "libc++";
				CLANG_ENABLE_MODULES = YES;
				CLANG_ENABLE_OBJC_ARC = YES;
				CLANG_WARN_BOOL_CONVERSION = YES;
				CLANG_WARN_CONSTANT_CONVERSION = YES;
				CLANG_WARN_DIRECT_OBJC_ISA_USAGE = YES_ERROR;
				CLANG_WARN_DOCUMENTATION_COMMENTS = YES;
				CLANG_WARN_EMPTY_BODY = YES;
				CLANG_WARN_ENUM_CONVERSION = YES;
				CLANG_WARN_INFINITE_RECURSION = YES;
				CLANG_WARN_INT_CONVERSION = YES;
				CLANG_WARN_OBJC_ROOT_CLASS = YES_ERROR;
				CLANG_WARN_SUSPICIOUS_MOVE = YES;
				CLANG_WARN_UNREACHABLE_CODE = YES;
				CLANG_WARN__DUPLICATE_METHOD_MATCH = YES;
				"CODE_SIGN_IDENTITY[sdk=iphoneos*]" = "iPhone Developer";
				COPY_PHASE_STRIP = NO;
				DEBUG_INFORMATION_FORMAT = dwarf;
				ENABLE_STRICT_OBJC_MSGSEND = YES;
				ENABLE_TESTABILITY = YES;
				GCC_C_LANGUAGE_STANDARD = gnu99;
				GCC_DYNAMIC_NO_PIC = NO;
				GCC_NO_COMMON_BLOCKS = YES;
				GCC_OPTIMIZATION_LEVEL = 0;
				GCC_PREPROCESSOR_DEFINITIONS = (
					"DEBUG=1",
					"$(inherited)",
				);
				GCC_WARN_64_TO_32_BIT_CONVERSION = YES;
				GCC_WARN_ABOUT_RETURN_TYPE = YES_ERROR;
				GCC_WARN_UNDECLARED_SELECTOR = YES;
				GCC_WARN_UNINITIALIZED_AUTOS = YES_AGGRESSIVE;
				GCC_WARN_UNUSED_FUNCTION = YES;
				GCC_WARN_UNUSED_VARIABLE = YES;
				IPHONEOS_DEPLOYMENT_TARGET = 10.3;
				MTL_ENABLE_DEBUG_INFO = YES;
				ONLY_ACTIVE_ARCH = YES;
				SDKROOT = iphoneos;
				TARGETED_DEVICE_FAMILY = "1,2";
			};
			name = Debug;
		};
		6F5EAE971F45942500325988 /* Release */ = {
			isa = XCBuildConfiguration;
			buildSettings = {
				ALWAYS_SEARCH_USER_PATHS = NO;
				CLANG_ANALYZER_NONNULL = YES;
				CLANG_ANALYZER_NUMBER_OBJECT_CONVERSION = YES_AGGRESSIVE;
				CLANG_CXX_LANGUAGE_STANDARD = "gnu++0x";
				CLANG_CXX_LIBRARY = "libc++";
				CLANG_ENABLE_MODULES = YES;
				CLANG_ENABLE_OBJC_ARC = YES;
				CLANG_WARN_BOOL_CONVERSION = YES;
				CLANG_WARN_CONSTANT_CONVERSION = YES;
				CLANG_WARN_DIRECT_OBJC_ISA_USAGE = YES_ERROR;
				CLANG_WARN_DOCUMENTATION_COMMENTS = YES;
				CLANG_WARN_EMPTY_BODY = YES;
				CLANG_WARN_ENUM_CONVERSION = YES;
				CLANG_WARN_INFINITE_RECURSION = YES;
				CLANG_WARN_INT_CONVERSION = YES;
				CLANG_WARN_OBJC_ROOT_CLASS = YES_ERROR;
				CLANG_WARN_SUSPICIOUS_MOVE = YES;
				CLANG_WARN_UNREACHABLE_CODE = YES;
				CLANG_WARN__DUPLICATE_METHOD_MATCH = YES;
				"CODE_SIGN_IDENTITY[sdk=iphoneos*]" = "iPhone Developer";
				COPY_PHASE_STRIP = NO;
				DEBUG_INFORMATION_FORMAT = "dwarf-with-dsym";
				ENABLE_NS_ASSERTIONS = NO;
				ENABLE_STRICT_OBJC_MSGSEND = YES;
				GCC_C_LANGUAGE_STANDARD = gnu99;
				GCC_NO_COMMON_BLOCKS = YES;
				GCC_WARN_64_TO_32_BIT_CONVERSION = YES;
				GCC_WARN_ABOUT_RETURN_TYPE = YES_ERROR;
				GCC_WARN_UNDECLARED_SELECTOR = YES;
				GCC_WARN_UNINITIALIZED_AUTOS = YES_AGGRESSIVE;
				GCC_WARN_UNUSED_FUNCTION = YES;
				GCC_WARN_UNUSED_VARIABLE = YES;
				IPHONEOS_DEPLOYMENT_TARGET = 10.3;
				MTL_ENABLE_DEBUG_INFO = NO;
				SDKROOT = iphoneos;
				TARGETED_DEVICE_FAMILY = "1,2";
				VALIDATE_PRODUCT = YES;
			};
			name = Release;
		};
		6F5EAE991F45942500325988 /* Debug */ = {
			isa = XCBuildConfiguration;
			buildSettings = {
				ASSETCATALOG_COMPILER_APPICON_NAME = AppIcon;
				INFOPLIST_FILE = ZHPlayerDemo/Info.plist;
				LD_RUNPATH_SEARCH_PATHS = "$(inherited) @executable_path/Frameworks";
				PRODUCT_BUNDLE_IDENTIFIER = Zason.ZHPlayerDemo;
				PRODUCT_NAME = "$(TARGET_NAME)";
			};
			name = Debug;
		};
		6F5EAE9A1F45942500325988 /* Release */ = {
			isa = XCBuildConfiguration;
			buildSettings = {
				ASSETCATALOG_COMPILER_APPICON_NAME = AppIcon;
				INFOPLIST_FILE = ZHPlayerDemo/Info.plist;
				LD_RUNPATH_SEARCH_PATHS = "$(inherited) @executable_path/Frameworks";
				PRODUCT_BUNDLE_IDENTIFIER = Zason.ZHPlayerDemo;
				PRODUCT_NAME = "$(TARGET_NAME)";
			};
			name = Release;
		};
		6F5EAE9C1F45942500325988 /* Debug */ = {
			isa = XCBuildConfiguration;
			buildSettings = {
				BUNDLE_LOADER = "$(TEST_HOST)";
				INFOPLIST_FILE = ZHPlayerDemoTests/Info.plist;
				LD_RUNPATH_SEARCH_PATHS = "$(inherited) @executable_path/Frameworks @loader_path/Frameworks";
				PRODUCT_BUNDLE_IDENTIFIER = Zason.ZHPlayerDemoTests;
				PRODUCT_NAME = "$(TARGET_NAME)";
				TEST_HOST = "$(BUILT_PRODUCTS_DIR)/ZHPlayerDemo.app/ZHPlayerDemo";
			};
			name = Debug;
		};
		6F5EAE9D1F45942500325988 /* Release */ = {
			isa = XCBuildConfiguration;
			buildSettings = {
				BUNDLE_LOADER = "$(TEST_HOST)";
				INFOPLIST_FILE = ZHPlayerDemoTests/Info.plist;
				LD_RUNPATH_SEARCH_PATHS = "$(inherited) @executable_path/Frameworks @loader_path/Frameworks";
				PRODUCT_BUNDLE_IDENTIFIER = Zason.ZHPlayerDemoTests;
				PRODUCT_NAME = "$(TARGET_NAME)";
				TEST_HOST = "$(BUILT_PRODUCTS_DIR)/ZHPlayerDemo.app/ZHPlayerDemo";
			};
			name = Release;
		};
		6F5EAE9F1F45942500325988 /* Debug */ = {
			isa = XCBuildConfiguration;
			buildSettings = {
				INFOPLIST_FILE = ZHPlayerDemoUITests/Info.plist;
				LD_RUNPATH_SEARCH_PATHS = "$(inherited) @executable_path/Frameworks @loader_path/Frameworks";
				PRODUCT_BUNDLE_IDENTIFIER = Zason.ZHPlayerDemoUITests;
				PRODUCT_NAME = "$(TARGET_NAME)";
				TEST_TARGET_NAME = ZHPlayerDemo;
			};
			name = Debug;
		};
		6F5EAEA01F45942500325988 /* Release */ = {
			isa = XCBuildConfiguration;
			buildSettings = {
				INFOPLIST_FILE = ZHPlayerDemoUITests/Info.plist;
				LD_RUNPATH_SEARCH_PATHS = "$(inherited) @executable_path/Frameworks @loader_path/Frameworks";
				PRODUCT_BUNDLE_IDENTIFIER = Zason.ZHPlayerDemoUITests;
				PRODUCT_NAME = "$(TARGET_NAME)";
				TEST_TARGET_NAME = ZHPlayerDemo;
			};
			name = Release;
		};
/* End XCBuildConfiguration section */

/* Begin XCConfigurationList section */
		6F5EAE661F45942500325988 /* Build configuration list for PBXProject "ZHPlayerDemo" */ = {
			isa = XCConfigurationList;
			buildConfigurations = (
				6F5EAE961F45942500325988 /* Debug */,
				6F5EAE971F45942500325988 /* Release */,
			);
			defaultConfigurationIsVisible = 0;
			defaultConfigurationName = Release;
		};
		6F5EAE981F45942500325988 /* Build configuration list for PBXNativeTarget "ZHPlayerDemo" */ = {
			isa = XCConfigurationList;
			buildConfigurations = (
				6F5EAE991F45942500325988 /* Debug */,
				6F5EAE9A1F45942500325988 /* Release */,
			);
			defaultConfigurationIsVisible = 0;
		};
		6F5EAE9B1F45942500325988 /* Build configuration list for PBXNativeTarget "ZHPlayerDemoTests" */ = {
			isa = XCConfigurationList;
			buildConfigurations = (
				6F5EAE9C1F45942500325988 /* Debug */,
				6F5EAE9D1F45942500325988 /* Release */,
			);
			defaultConfigurationIsVisible = 0;
		};
		6F5EAE9E1F45942500325988 /* Build configuration list for PBXNativeTarget "ZHPlayerDemoUITests" */ = {
			isa = XCConfigurationList;
			buildConfigurations = (
				6F5EAE9F1F45942500325988 /* Debug */,
				6F5EAEA01F45942500325988 /* Release */,
			);
			defaultConfigurationIsVisible = 0;
		};
/* End XCConfigurationList section */
	};
	rootObject = 6F5EAE631F45942500325988 /* Project object */;
}
